
Microsoft Visual Studio Solution File, Format Version 12.00
# Visual Studio Version 17
VisualStudioVersion = 17.10.35004.147
MinimumVisualStudioVersion = 10.0.40219.1
Project("{FAE04EC0-301F-11D3-BF4B-00C04F79EFBC}") = "Toycom", "Toycom\Toycom.csproj", "{5857F990-ACAF-4C75-8458-D3F2D6CD08FD}"
EndProject
Global
	GlobalSection(SolutionConfigurationPlatforms) = preSolution
		Debug|Any CPU = Debug|Any CPU
		Release|Any CPU = Release|Any CPU
	EndGlobalSection
	GlobalSection(ProjectConfigurationPlatforms) = postSolution
		{5857F990-ACAF-4C75-8458-D3F2D6CD08FD}.Debug|Any CPU.ActiveCfg = Debug|Any CPU
		{5857F990-ACAF-4C75-8458-D3F2D6CD08FD}.Debug|Any CPU.Build.0 = Debug|Any CPU
		{5857F990-ACAF-4C75-8458-D3F2D6CD08FD}.Release|Any CPU.ActiveCfg = Release|Any CPU
		{5857F990-ACAF-4C75-8458-D3F2D6CD08FD}.Release|Any CPU.Build.0 = Release|Any CPU
	EndGlobalSection
	GlobalSection(SolutionProperties) = preSolution
		HideSolutionNode = FALSE
	EndGlobalSection
	GlobalSection(ExtensibilityGlobals) = postSolution
		SolutionGuid = {664EF7D3-51E6-4EFA-A952-90AB49BBB992}
	EndGlobalSection
EndGlobal
